
Microsoft Visual Studio Solution File, Format Version 12.00
# Visual Studio Version 16
VisualStudioVersion = 16.0.30204.135
MinimumVisualStudioVersion = 10.0.40219.1
Project("{FAE04EC0-301F-11D3-BF4B-00C04F79EFBC}") = "PdfBuilderTool", "PdfBuilderTool.csproj", "{5270B341-230E-4B6B-B08E-C71086A7B76E}"
EndProject
Project("{2150E333-8FDC-42A3-9474-1A3956D46DE8}") = "Solution Items", "Solution Items", "{24AEBA53-AFEC-4625-A340-ECDDF5E88B59}"
	ProjectSection(SolutionItems) = preProject
		.editorconfig = .editorconfig
	EndProjectSection
EndProject
Global
	GlobalSection(SolutionConfigurationPlatforms) = preSolution
		Debug|Any CPU = Debug|Any CPU
		Release|Any CPU = Release|Any CPU
	EndGlobalSection
	GlobalSection(ProjectConfigurationPlatforms) = postSolution
		{5270B341-230E-4B6B-B08E-C71086A7B76E}.Debug|Any CPU.ActiveCfg = Debug|Any CPU
		{5270B341-230E-4B6B-B08E-C71086A7B76E}.Debug|Any CPU.Build.0 = Debug|Any CPU
		{5270B341-230E-4B6B-B08E-C71086A7B76E}.Release|Any CPU.ActiveCfg = Release|Any CPU
		{5270B341-230E-4B6B-B08E-C71086A7B76E}.Release|Any CPU.Build.0 = Release|Any CPU
	EndGlobalSection
	GlobalSection(SolutionProperties) = preSolution
		HideSolutionNode = FALSE
	EndGlobalSection
	GlobalSection(ExtensibilityGlobals) = postSolution
		SolutionGuid = {886C807E-F3F9-48A4-AECE-D778A79C648F}
	EndGlobalSection
EndGlobal
